
Microsoft Visual Studio Solution File, Format Version 12.00
# Visual Studio Version 17
VisualStudioVersion = 17.5.2.0
MinimumVisualStudioVersion = 10.0.40219.1
Project("{9A19103F-16F7-4668-BE54-9A1E7A4F7556}") = "ForestOfParallel", "app\ForestOfParallel\ForestOfParallel.csproj", "{F77A468A-FECA-42BB-9E4E-9BFFE84A8B72}"
EndProject
Project("{FAE04EC0-301F-11D3-BF4B-00C04F79EFBC}") = "XStateNet", "XStateNet5Impl\XStateNet.csproj", "{D516EE4F-2957-1FA1-EFBD-811E401661DA}"
EndProject
Project("{FAE04EC0-301F-11D3-BF4B-00C04F79EFBC}") = "SemiStandard", "SemiStandard\SemiStandard.csproj", "{B1234567-89AB-CDEF-0123-456789ABCDEF}"
EndProject
Project("{FAE04EC0-301F-11D3-BF4B-00C04F79EFBC}") = "SemiStandard.Tests", "SemiStandard.Tests\SemiStandard.Tests.csproj", "{53602BE3-B2F0-A0BF-E324-AE0B97635E1E}"
EndProject
Project("{FAE04EC0-301F-11D3-BF4B-00C04F79EFBC}") = "XStateNet.Distributed", "XStateNet.Distributed\XStateNet.Distributed.csproj", "{01BC5E66-8500-4920-94E2-BC278AEA6330}"
EndProject
Project("{FAE04EC0-301F-11D3-BF4B-00C04F79EFBC}") = "XStateNet.Distributed.Tests", "XStateNet.Distributed.Tests\XStateNet.Distributed.Tests.csproj", "{42368218-99DF-4E90-B504-4B691F5585C2}"
EndProject
Project("{2150E333-8FDC-42A3-9474-1A3956D46DE8}") = "Test", "Test", "{0C88DD14-F956-CE84-757C-A364CCF449FC}"
EndProject
Project("{FAE04EC0-301F-11D3-BF4B-00C04F79EFBC}") = "XStateNet.Tests", "Test\XStateNet.Tests.csproj", "{EE989DB1-EE03-4117-BA2B-DABCEF6D1815}"
EndProject
Project("{FAE04EC0-301F-11D3-BF4B-00C04F79EFBC}") = "SemiStandard.Testing.Console", "SemiStandard.Testing.Console\SemiStandard.Testing.Console.csproj", "{8C4B42CD-8881-4128-B234-3E1115147D81}"
EndProject
Project("{FAE04EC0-301F-11D3-BF4B-00C04F79EFBC}") = "SemiStandard.Integration.Tests", "SemiStandard.Integration.Tests\SemiStandard.Integration.Tests.csproj", "{1D669820-CFDC-4367-863C-DF6BED93886F}"
EndProject
Project("{FAE04EC0-301F-11D3-BF4B-00C04F79EFBC}") = "SemiStandard.Simulator.Wpf", "SemiStandard.Simulator.Wpf\SemiStandard.Simulator.Wpf.csproj", "{6BD57659-26E1-46D1-965F-B3FE65E1D113}"
EndProject
Project("{FAE04EC0-301F-11D3-BF4B-00C04F79EFBC}") = "HostOnlyProgram", "HostOnlyProgram\HostOnlyProgram.csproj", "{39ADFBB5-327B-4F90-AC31-178F569E174C}"
EndProject
Project("{FAE04EC0-301F-11D3-BF4B-00C04F79EFBC}") = "TimelineWPF", "TimelineWPF\TimelineWPF.csproj", "{CBF5A12D-6DC7-8362-381C-28AC78EC12CA}"
EndProject
Project("{FAE04EC0-301F-11D3-BF4B-00C04F79EFBC}") = "TimelineWPF.Demo", "TimelineWPF.Demo\TimelineWPF.Demo.csproj", "{9575F334-3D7F-4C96-9580-349947E69617}"
EndProject
Project("{2150E333-8FDC-42A3-9474-1A3956D46DE8}") = "Examples", "Examples", "{C8D5274F-AC00-46C7-1F8D-E88E81087A52}"
EndProject
Project("{FAE04EC0-301F-11D3-BF4B-00C04F79EFBC}") = "XStateNet.Distributed.Example", "XStateNet.Distributed.Example\XStateNet.Distributed.Example.csproj", "{76CBD251-BE62-4124-B9D7-F94F4931D5FE}"
EndProject
Project("{FAE04EC0-301F-11D3-BF4B-00C04F79EFBC}") = "XStateNet.GPU", "XStateNet.GPU\XStateNet.GPU.csproj", "{A716F3B7-1C07-45A3-BBD9-3C9392E64C26}"
EndProject
Project("{FAE04EC0-301F-11D3-BF4B-00C04F79EFBC}") = "XStateNet.GPU.Tests", "XStateNet.GPU.Tests\XStateNet.GPU.Tests.csproj", "{13F5F51B-D7F3-411C-822F-0D4C40D2E0BC}"
EndProject
Project("{FAE04EC0-301F-11D3-BF4B-00C04F79EFBC}") = "OrchestratorTestApp", "OrchestratorTestApp\OrchestratorTestApp.csproj", "{47818EC2-716B-440D-9283-7F352EAD7FDB}"
EndProject
Project("{FAE04EC0-301F-11D3-BF4B-00C04F79EFBC}") = "XStateNet.PerformanceMonitor", "XStateNet.PerformanceMonitor\XStateNet.PerformanceMonitor.csproj", "{78097FA7-CF57-4EE9-B722-1C423D66ACF1}"
EndProject
Project("{FAE04EC0-301F-11D3-BF4B-00C04F79EFBC}") = "XStateNet.InterProcess.Service", "XStateNet.InterProcess.Service\XStateNet.InterProcess.Service.csproj", "{2216EC6A-61AE-4A18-BFB4-1FF495BF0DF9}"
EndProject
Project("{FAE04EC0-301F-11D3-BF4B-00C04F79EFBC}") = "XStateNet.InterProcess.TestClient", "XStateNet.InterProcess.TestClient\XStateNet.InterProcess.TestClient.csproj", "{6E045671-1585-4CDA-9296-570B24184D44}"
EndProject
Project("{FAE04EC0-301F-11D3-BF4B-00C04F79EFBC}") = "XStateNet.InterProcess.Tests", "XStateNet.InterProcess.Tests\XStateNet.InterProcess.Tests.csproj", "{AD7CC3E0-0EDC-44BA-A1B2-28F95B6DD329}"
EndProject
Project("{FAE04EC0-301F-11D3-BF4B-00C04F79EFBC}") = "XStateNet.SharedMemory", "XStateNet.SharedMemory\XStateNet.SharedMemory.csproj", "{819AA359-A800-452D-8EDD-3D27DB88E692}"
EndProject
Project("{FAE04EC0-301F-11D3-BF4B-00C04F79EFBC}") = "XStateNet.SharedMemory.Tests", "XStateNet.SharedMemory.Tests\XStateNet.SharedMemory.Tests.csproj", "{A5261210-FBA2-409B-B16B-2582E68F6B62}"
EndProject
Project("{FAE04EC0-301F-11D3-BF4B-00C04F79EFBC}") = "SemiStandard.WPF.EnhancedCMP", "SemiStandard.WPF.EnhancedCMP\SemiStandard.WPF.EnhancedCMP.csproj", "{DC93EA93-2ADA-457E-BE22-8C90685B7B39}"
EndProject
Project("{FAE04EC0-301F-11D3-BF4B-00C04F79EFBC}") = "CMPSimulator", "CMPSimulator\CMPSimulator.csproj", "{7A784F8D-428D-484A-93C1-F4F39BFAA8CE}"
EndProject
Project("{FAE04EC0-301F-11D3-BF4B-00C04F79EFBC}") = "CMPSimulator.Tests", "CMPSimulator\CMPSimulator.Tests\CMPSimulator.Tests.csproj", "{1D6377B2-6CBF-4B50-9D29-513D0FF1DE33}"
EndProject
Project("{FAE04EC0-301F-11D3-BF4B-00C04F79EFBC}") = "XStateNetConsoleTest", "XStateNetConsoleTest\XStateNetConsoleTest.csproj", "{4A88E912-FFC8-450A-92BB-681BE4F845CE}"
EndProject
Project("{FAE04EC0-301F-11D3-BF4B-00C04F79EFBC}") = "LoggerHelper", "LoggerHelper\LoggerHelper.csproj", "{ABFCEE95-99FD-40E3-99E5-508B80C1C208}"
EndProject
Project("{2150E333-8FDC-42A3-9474-1A3956D46DE8}") = "XStateNet2", "XStateNet2", "{AC33B04C-26D8-727E-B9AD-BDA55923D6D1}"
EndProject
Project("{FAE04EC0-301F-11D3-BF4B-00C04F79EFBC}") = "XStateNet2.Core", "XStateNet2\XStateNet2.Core\XStateNet2.Core.csproj", "{A881AB7E-3BF4-452E-8C84-9BBDCEE2F086}"
EndProject
Project("{FAE04EC0-301F-11D3-BF4B-00C04F79EFBC}") = "XStateNet2.Tests", "XStateNet2\XStateNet2.Tests\XStateNet2.Tests.csproj", "{19492109-8C28-4050-A1BE-F0038F45C14F}"
EndProject
Project("{FAE04EC0-301F-11D3-BF4B-00C04F79EFBC}") = "XStateNet2.Examples", "XStateNet2\XStateNet2.Examples\XStateNet2.Examples.csproj", "{9A2E4DF5-C5B0-4E4D-887F-E732F4C81DD4}"
EndProject
Project("{FAE04EC0-301F-11D3-BF4B-00C04F79EFBC}") = "XStateNet2.PingPong", "XStateNet2\XStateNet2.PingPong\XStateNet2.PingPong.csproj", "{0A58ABCA-A2C6-4AAB-8101-89214C7F723E}"
EndProject
Project("{FAE04EC0-301F-11D3-BF4B-00C04F79EFBC}") = "CMPSimXS2.Console", "XStateNet2\CMPSimXS2.Console\CMPSimXS2.Console.csproj", "{AE2191B6-7FEE-4BAF-A2D9-42CFCFE65D9B}"
EndProject
Project("{FAE04EC0-301F-11D3-BF4B-00C04F79EFBC}") = "CMPSimXS2.WPF", "XStateNet2\CMPSimXS2.WPF\CMPSimXS2.WPF.csproj", "{8635D83C-3EAD-4EE1-B216-30672945D19D}"
EndProject
Project("{FAE04EC0-301F-11D3-BF4B-00C04F79EFBC}") = "SimpleCMPScheduler", "SimpleCMPScheduler\SimpleCMPScheduler.csproj", "{D3D63672-ABD6-4492-A903-F1F9532E9F42}"
EndProject
Project("{FAE04EC0-301F-11D3-BF4B-00C04F79EFBC}") = "SimpleTaskLoopCMPXS2", "XStateNet2\SimpleTaskLoopCMPXS2\SimpleTaskLoopCMPXS2.csproj", "{BAD94E3B-70A9-474A-BA03-6EFC0C2BD9BB}"
EndProject
Project("{FAE04EC0-301F-11D3-BF4B-00C04F79EFBC}") = "SimpleTaskLoopCMP(NonXS)", "XStateNet2\SimpleTaskLoopCMP(NonXS)\SimpleTaskLoopCMP(NonXS).csproj", "{11361684-5294-F9E0-3E6B-EB5A60682B75}"
EndProject
Project("{FAE04EC0-301F-11D3-BF4B-00C04F79EFBC}") = "CMPSimXS2(1Polisher).EventDriven", "XStateNet2\CMPSimXS2(1Polisher).EventDriven\CMPSimXS2(1Polisher).EventDriven.csproj", "{3257BE12-0397-E7F8-99DA-DBC3985FB98D}"
EndProject
Project("{FAE04EC0-301F-11D3-BF4B-00C04F79EFBC}") = "CMPSimXS2(1Polisher-1Cleaner-1Buffer).EventDriven_obsolete", "XStateNet2\CMPSimXS2(1Polisher-1Cleaner-1Buffer).EventDriven\CMPSimXS2(1Polisher-1Cleaner-1Buffer).EventDriven_obsolete.csproj", "{D3C17E0D-3127-502A-97BA-C6490F7A1CF7}"
EndProject
Project("{FAE04EC0-301F-11D3-BF4B-00C04F79EFBC}") = "CMPSimXS2.Parallel", "XStateNet2\CMPSimXS2.Parallel\CMPSimXS2.Parallel.csproj", "{7CD7D947-F5FB-401E-2097-DE6E2E9ED79F}"
EndProject
Project("{2150E333-8FDC-42A3-9474-1A3956D46DE8}") = "SemiFlow", "SemiFlow", "{AA192529-1158-5035-A3E4-F2E2AEC2DA4F}"
EndProject
Project("{2150E333-8FDC-42A3-9474-1A3956D46DE8}") = "SemiFlow", "SemiFlow", "{25AC0C0C-FA97-929E-CBA4-6D5BD913ACF5}"
EndProject
Project("{FAE04EC0-301F-11D3-BF4B-00C04F79EFBC}") = "SemiFlow.Converter", "XStateNet2\SemiFlow\SemiFlow\SemiFlow.Converter\SemiFlow.Converter.csproj", "{0C9D3922-CB1E-427D-B276-77447E9BD739}"
EndProject
Project("{FAE04EC0-301F-11D3-BF4B-00C04F79EFBC}") = "SemiFlow.Tests", "XStateNet2\SemiFlow\SemiFlow\SemiFlow.Tests\SemiFlow.Tests.csproj", "{4E7F1751-7FEC-4CBA-AEEF-A5263B388A67}"
EndProject
Project("{FAE04EC0-301F-11D3-BF4B-00C04F79EFBC}") = "SemiFlow.CLI", "XStateNet2\SemiFlow\SemiFlow\SemiFlow.CLI\SemiFlow.CLI.csproj", "{311668AE-586D-4A7A-BF2E-5314C049FD68}"
EndProject
Project("{FAE04EC0-301F-11D3-BF4B-00C04F79EFBC}") = "SemiFlow.Simulator", "XStateNet2\SemiFlow\SemiFlow\SemiFlow.Simulator\SemiFlow.Simulator.csproj", "{530C6F1F-054A-4925-960A-8250A0EA734D}"
EndProject
Project("{FAE04EC0-301F-11D3-BF4B-00C04F79EFBC}") = "SemiFlow.Pipeline.Simulator", "XStateNet2\SemiFlow\SemiFlow\SemiFlow.Pipeline.Simulator\SemiFlow.Pipeline.Simulator.csproj", "{2E0F032B-4D2A-4084-8C9E-84A6713A40C6}"
EndProject
Global
	GlobalSection(SolutionConfigurationPlatforms) = preSolution
		Debug|Any CPU = Debug|Any CPU
		Debug|x64 = Debug|x64
		Debug|x86 = Debug|x86
		Release|Any CPU = Release|Any CPU
		Release|x64 = Release|x64
		Release|x86 = Release|x86
	EndGlobalSection
	GlobalSection(ProjectConfigurationPlatforms) = postSolution
		{F77A468A-FECA-42BB-9E4E-9BFFE84A8B72}.Debug|Any CPU.ActiveCfg = Debug|Any CPU
		{F77A468A-FECA-42BB-9E4E-9BFFE84A8B72}.Debug|Any CPU.Build.0 = Debug|Any CPU
		{F77A468A-FECA-42BB-9E4E-9BFFE84A8B72}.Debug|x64.ActiveCfg = Debug|Any CPU
		{F77A468A-FECA-42BB-9E4E-9BFFE84A8B72}.Debug|x64.Build.0 = Debug|Any CPU
		{F77A468A-FECA-42BB-9E4E-9BFFE84A8B72}.Debug|x86.ActiveCfg = Debug|Any CPU
		{F77A468A-FECA-42BB-9E4E-9BFFE84A8B72}.Debug|x86.Build.0 = Debug|Any CPU
		{F77A468A-FECA-42BB-9E4E-9BFFE84A8B72}.Release|Any CPU.ActiveCfg = Release|Any CPU
		{F77A468A-FECA-42BB-9E4E-9BFFE84A8B72}.Release|Any CPU.Build.0 = Release|Any CPU
		{F77A468A-FECA-42BB-9E4E-9BFFE84A8B72}.Release|x64.ActiveCfg = Release|Any CPU
		{F77A468A-FECA-42BB-9E4E-9BFFE84A8B72}.Release|x64.Build.0 = Release|Any CPU
		{F77A468A-FECA-42BB-9E4E-9BFFE84A8B72}.Release|x86.ActiveCfg = Release|Any CPU
		{F77A468A-FECA-42BB-9E4E-9BFFE84A8B72}.Release|x86.Build.0 = Release|Any CPU
		{D516EE4F-2957-1FA1-EFBD-811E401661DA}.Debug|Any CPU.ActiveCfg = Debug|Any CPU
		{D516EE4F-2957-1FA1-EFBD-811E401661DA}.Debug|Any CPU.Build.0 = Debug|Any CPU
		{D516EE4F-2957-1FA1-EFBD-811E401661DA}.Debug|x64.ActiveCfg = Debug|Any CPU
		{D516EE4F-2957-1FA1-EFBD-811E401661DA}.Debug|x64.Build.0 = Debug|Any CPU
		{D516EE4F-2957-1FA1-EFBD-811E401661DA}.Debug|x86.ActiveCfg = Debug|Any CPU
		{D516EE4F-2957-1FA1-EFBD-811E401661DA}.Debug|x86.Build.0 = Debug|Any CPU
		{D516EE4F-2957-1FA1-EFBD-811E401661DA}.Release|Any CPU.ActiveCfg = Release|Any CPU
		{D516EE4F-2957-1FA1-EFBD-811E401661DA}.Release|Any CPU.Build.0 = Release|Any CPU
		{D516EE4F-2957-1FA1-EFBD-811E401661DA}.Release|x64.ActiveCfg = Release|Any CPU
		{D516EE4F-2957-1FA1-EFBD-811E401661DA}.Release|x64.Build.0 = Release|Any CPU
		{D516EE4F-2957-1FA1-EFBD-811E401661DA}.Release|x86.ActiveCfg = Release|Any CPU
		{D516EE4F-2957-1FA1-EFBD-811E401661DA}.Release|x86.Build.0 = Release|Any CPU
		{B1234567-89AB-CDEF-0123-456789ABCDEF}.Debug|Any CPU.ActiveCfg = Debug|Any CPU
		{B1234567-89AB-CDEF-0123-456789ABCDEF}.Debug|Any CPU.Build.0 = Debug|Any CPU
		{B1234567-89AB-CDEF-0123-456789ABCDEF}.Debug|x64.ActiveCfg = Debug|Any CPU
		{B1234567-89AB-CDEF-0123-456789ABCDEF}.Debug|x64.Build.0 = Debug|Any CPU
		{B1234567-89AB-CDEF-0123-456789ABCDEF}.Debug|x86.ActiveCfg = Debug|Any CPU
		{B1234567-89AB-CDEF-0123-456789ABCDEF}.Debug|x86.Build.0 = Debug|Any CPU
		{B1234567-89AB-CDEF-0123-456789ABCDEF}.Release|Any CPU.ActiveCfg = Release|Any CPU
		{B1234567-89AB-CDEF-0123-456789ABCDEF}.Release|Any CPU.Build.0 = Release|Any CPU
		{B1234567-89AB-CDEF-0123-456789ABCDEF}.Release|x64.ActiveCfg = Release|Any CPU
		{B1234567-89AB-CDEF-0123-456789ABCDEF}.Release|x64.Build.0 = Release|Any CPU
		{B1234567-89AB-CDEF-0123-456789ABCDEF}.Release|x86.ActiveCfg = Release|Any CPU
		{B1234567-89AB-CDEF-0123-456789ABCDEF}.Release|x86.Build.0 = Release|Any CPU
		{53602BE3-B2F0-A0BF-E324-AE0B97635E1E}.Debug|Any CPU.ActiveCfg = Debug|Any CPU
		{53602BE3-B2F0-A0BF-E324-AE0B97635E1E}.Debug|Any CPU.Build.0 = Debug|Any CPU
		{53602BE3-B2F0-A0BF-E324-AE0B97635E1E}.Debug|x64.ActiveCfg = Debug|Any CPU
		{53602BE3-B2F0-A0BF-E324-AE0B97635E1E}.Debug|x64.Build.0 = Debug|Any CPU
		{53602BE3-B2F0-A0BF-E324-AE0B97635E1E}.Debug|x86.ActiveCfg = Debug|Any CPU
		{53602BE3-B2F0-A0BF-E324-AE0B97635E1E}.Debug|x86.Build.0 = Debug|Any CPU
		{53602BE3-B2F0-A0BF-E324-AE0B97635E1E}.Release|Any CPU.ActiveCfg = Release|Any CPU
		{53602BE3-B2F0-A0BF-E324-AE0B97635E1E}.Release|Any CPU.Build.0 = Release|Any CPU
		{53602BE3-B2F0-A0BF-E324-AE0B97635E1E}.Release|x64.ActiveCfg = Release|Any CPU
		{53602BE3-B2F0-A0BF-E324-AE0B97635E1E}.Release|x64.Build.0 = Release|Any CPU
		{53602BE3-B2F0-A0BF-E324-AE0B97635E1E}.Release|x86.ActiveCfg = Release|Any CPU
		{53602BE3-B2F0-A0BF-E324-AE0B97635E1E}.Release|x86.Build.0 = Release|Any CPU
		{01BC5E66-8500-4920-94E2-BC278AEA6330}.Debug|Any CPU.ActiveCfg = Debug|Any CPU
		{01BC5E66-8500-4920-94E2-BC278AEA6330}.Debug|Any CPU.Build.0 = Debug|Any CPU
		{01BC5E66-8500-4920-94E2-BC278AEA6330}.Debug|x64.ActiveCfg = Debug|Any CPU
		{01BC5E66-8500-4920-94E2-BC278AEA6330}.Debug|x64.Build.0 = Debug|Any CPU
		{01BC5E66-8500-4920-94E2-BC278AEA6330}.Debug|x86.ActiveCfg = Debug|Any CPU
		{01BC5E66-8500-4920-94E2-BC278AEA6330}.Debug|x86.Build.0 = Debug|Any CPU
		{01BC5E66-8500-4920-94E2-BC278AEA6330}.Release|Any CPU.ActiveCfg = Release|Any CPU
		{01BC5E66-8500-4920-94E2-BC278AEA6330}.Release|Any CPU.Build.0 = Release|Any CPU
		{01BC5E66-8500-4920-94E2-BC278AEA6330}.Release|x64.ActiveCfg = Release|Any CPU
		{01BC5E66-8500-4920-94E2-BC278AEA6330}.Release|x64.Build.0 = Release|Any CPU
		{01BC5E66-8500-4920-94E2-BC278AEA6330}.Release|x86.ActiveCfg = Release|Any CPU
		{01BC5E66-8500-4920-94E2-BC278AEA6330}.Release|x86.Build.0 = Release|Any CPU
		{42368218-99DF-4E90-B504-4B691F5585C2}.Debug|Any CPU.ActiveCfg = Debug|Any CPU
		{42368218-99DF-4E90-B504-4B691F5585C2}.Debug|Any CPU.Build.0 = Debug|Any CPU
		{42368218-99DF-4E90-B504-4B691F5585C2}.Debug|x64.ActiveCfg = Debug|Any CPU
		{42368218-99DF-4E90-B504-4B691F5585C2}.Debug|x64.Build.0 = Debug|Any CPU
		{42368218-99DF-4E90-B504-4B691F5585C2}.Debug|x86.ActiveCfg = Debug|Any CPU
		{42368218-99DF-4E90-B504-4B691F5585C2}.Debug|x86.Build.0 = Debug|Any CPU
		{42368218-99DF-4E90-B504-4B691F5585C2}.Release|Any CPU.ActiveCfg = Release|Any CPU
		{42368218-99DF-4E90-B504-4B691F5585C2}.Release|Any CPU.Build.0 = Release|Any CPU
		{42368218-99DF-4E90-B504-4B691F5585C2}.Release|x64.ActiveCfg = Release|Any CPU
		{42368218-99DF-4E90-B504-4B691F5585C2}.Release|x64.Build.0 = Release|Any CPU
		{42368218-99DF-4E90-B504-4B691F5585C2}.Release|x86.ActiveCfg = Release|Any CPU
		{42368218-99DF-4E90-B504-4B691F5585C2}.Release|x86.Build.0 = Release|Any CPU
		{EE989DB1-EE03-4117-BA2B-DABCEF6D1815}.Debug|Any CPU.ActiveCfg = Debug|Any CPU
		{EE989DB1-EE03-4117-BA2B-DABCEF6D1815}.Debug|Any CPU.Build.0 = Debug|Any CPU
		{EE989DB1-EE03-4117-BA2B-DABCEF6D1815}.Debug|x64.ActiveCfg = Debug|Any CPU
		{EE989DB1-EE03-4117-BA2B-DABCEF6D1815}.Debug|x64.Build.0 = Debug|Any CPU
		{EE989DB1-EE03-4117-BA2B-DABCEF6D1815}.Debug|x86.ActiveCfg = Debug|Any CPU
		{EE989DB1-EE03-4117-BA2B-DABCEF6D1815}.Debug|x86.Build.0 = Debug|Any CPU
		{EE989DB1-EE03-4117-BA2B-DABCEF6D1815}.Release|Any CPU.ActiveCfg = Release|Any CPU
		{EE989DB1-EE03-4117-BA2B-DABCEF6D1815}.Release|Any CPU.Build.0 = Release|Any CPU
		{EE989DB1-EE03-4117-BA2B-DABCEF6D1815}.Release|x64.ActiveCfg = Release|Any CPU
		{EE989DB1-EE03-4117-BA2B-DABCEF6D1815}.Release|x64.Build.0 = Release|Any CPU
		{EE989DB1-EE03-4117-BA2B-DABCEF6D1815}.Release|x86.ActiveCfg = Release|Any CPU
		{EE989DB1-EE03-4117-BA2B-DABCEF6D1815}.Release|x86.Build.0 = Release|Any CPU
		{8C4B42CD-8881-4128-B234-3E1115147D81}.Debug|Any CPU.ActiveCfg = Debug|Any CPU
		{8C4B42CD-8881-4128-B234-3E1115147D81}.Debug|Any CPU.Build.0 = Debug|Any CPU
		{8C4B42CD-8881-4128-B234-3E1115147D81}.Debug|x64.ActiveCfg = Debug|Any CPU
		{8C4B42CD-8881-4128-B234-3E1115147D81}.Debug|x64.Build.0 = Debug|Any CPU
		{8C4B42CD-8881-4128-B234-3E1115147D81}.Debug|x86.ActiveCfg = Debug|Any CPU
		{8C4B42CD-8881-4128-B234-3E1115147D81}.Debug|x86.Build.0 = Debug|Any CPU
		{8C4B42CD-8881-4128-B234-3E1115147D81}.Release|Any CPU.ActiveCfg = Release|Any CPU
		{8C4B42CD-8881-4128-B234-3E1115147D81}.Release|Any CPU.Build.0 = Release|Any CPU
		{8C4B42CD-8881-4128-B234-3E1115147D81}.Release|x64.ActiveCfg = Release|Any CPU
		{8C4B42CD-8881-4128-B234-3E1115147D81}.Release|x64.Build.0 = Release|Any CPU
		{8C4B42CD-8881-4128-B234-3E1115147D81}.Release|x86.ActiveCfg = Release|Any CPU
		{8C4B42CD-8881-4128-B234-3E1115147D81}.Release|x86.Build.0 = Release|Any CPU
		{1D669820-CFDC-4367-863C-DF6BED93886F}.Debug|Any CPU.ActiveCfg = Debug|Any CPU
		{1D669820-CFDC-4367-863C-DF6BED93886F}.Debug|Any CPU.Build.0 = Debug|Any CPU
		{1D669820-CFDC-4367-863C-DF6BED93886F}.Debug|x64.ActiveCfg = Debug|Any CPU
		{1D669820-CFDC-4367-863C-DF6BED93886F}.Debug|x64.Build.0 = Debug|Any CPU
		{1D669820-CFDC-4367-863C-DF6BED93886F}.Debug|x86.ActiveCfg = Debug|Any CPU
		{1D669820-CFDC-4367-863C-DF6BED93886F}.Debug|x86.Build.0 = Debug|Any CPU
		{1D669820-CFDC-4367-863C-DF6BED93886F}.Release|Any CPU.ActiveCfg = Release|Any CPU
		{1D669820-CFDC-4367-863C-DF6BED93886F}.Release|Any CPU.Build.0 = Release|Any CPU
		{1D669820-CFDC-4367-863C-DF6BED93886F}.Release|x64.ActiveCfg = Release|Any CPU
		{1D669820-CFDC-4367-863C-DF6BED93886F}.Release|x64.Build.0 = Release|Any CPU
		{1D669820-CFDC-4367-863C-DF6BED93886F}.Release|x86.ActiveCfg = Release|Any CPU
		{1D669820-CFDC-4367-863C-DF6BED93886F}.Release|x86.Build.0 = Release|Any CPU
		{6BD57659-26E1-46D1-965F-B3FE65E1D113}.Debug|Any CPU.ActiveCfg = Debug|Any CPU
		{6BD57659-26E1-46D1-965F-B3FE65E1D113}.Debug|Any CPU.Build.0 = Debug|Any CPU
		{6BD57659-26E1-46D1-965F-B3FE65E1D113}.Debug|x64.ActiveCfg = Debug|Any CPU
		{6BD57659-26E1-46D1-965F-B3FE65E1D113}.Debug|x64.Build.0 = Debug|Any CPU
		{6BD57659-26E1-46D1-965F-B3FE65E1D113}.Debug|x86.ActiveCfg = Debug|Any CPU
		{6BD57659-26E1-46D1-965F-B3FE65E1D113}.Debug|x86.Build.0 = Debug|Any CPU
		{6BD57659-26E1-46D1-965F-B3FE65E1D113}.Release|Any CPU.ActiveCfg = Release|Any CPU
		{6BD57659-26E1-46D1-965F-B3FE65E1D113}.Release|Any CPU.Build.0 = Release|Any CPU
		{6BD57659-26E1-46D1-965F-B3FE65E1D113}.Release|x64.ActiveCfg = Release|Any CPU
		{6BD57659-26E1-46D1-965F-B3FE65E1D113}.Release|x64.Build.0 = Release|Any CPU
		{6BD57659-26E1-46D1-965F-B3FE65E1D113}.Release|x86.ActiveCfg = Release|Any CPU
		{6BD57659-26E1-46D1-965F-B3FE65E1D113}.Release|x86.Build.0 = Release|Any CPU
		{39ADFBB5-327B-4F90-AC31-178F569E174C}.Debug|Any CPU.ActiveCfg = Debug|Any CPU
		{39ADFBB5-327B-4F90-AC31-178F569E174C}.Debug|Any CPU.Build.0 = Debug|Any CPU
		{39ADFBB5-327B-4F90-AC31-178F569E174C}.Debug|x64.ActiveCfg = Debug|Any CPU
		{39ADFBB5-327B-4F90-AC31-178F569E174C}.Debug|x64.Build.0 = Debug|Any CPU
		{39ADFBB5-327B-4F90-AC31-178F569E174C}.Debug|x86.ActiveCfg = Debug|Any CPU
		{39ADFBB5-327B-4F90-AC31-178F569E174C}.Debug|x86.Build.0 = Debug|Any CPU
		{39ADFBB5-327B-4F90-AC31-178F569E174C}.Release|Any CPU.ActiveCfg = Release|Any CPU
		{39ADFBB5-327B-4F90-AC31-178F569E174C}.Release|Any CPU.Build.0 = Release|Any CPU
		{39ADFBB5-327B-4F90-AC31-178F569E174C}.Release|x64.ActiveCfg = Release|Any CPU
		{39ADFBB5-327B-4F90-AC31-178F569E174C}.Release|x64.Build.0 = Release|Any CPU
		{39ADFBB5-327B-4F90-AC31-178F569E174C}.Release|x86.ActiveCfg = Release|Any CPU
		{39ADFBB5-327B-4F90-AC31-178F569E174C}.Release|x86.Build.0 = Release|Any CPU
		{CBF5A12D-6DC7-8362-381C-28AC78EC12CA}.Debug|Any CPU.ActiveCfg = Debug|Any CPU
		{CBF5A12D-6DC7-8362-381C-28AC78EC12CA}.Debug|Any CPU.Build.0 = Debug|Any CPU
		{CBF5A12D-6DC7-8362-381C-28AC78EC12CA}.Debug|x64.ActiveCfg = Debug|Any CPU
		{CBF5A12D-6DC7-8362-381C-28AC78EC12CA}.Debug|x64.Build.0 = Debug|Any CPU
		{CBF5A12D-6DC7-8362-381C-28AC78EC12CA}.Debug|x86.ActiveCfg = Debug|Any CPU
		{CBF5A12D-6DC7-8362-381C-28AC78EC12CA}.Debug|x86.Build.0 = Debug|Any CPU
		{CBF5A12D-6DC7-8362-381C-28AC78EC12CA}.Release|Any CPU.ActiveCfg = Release|Any CPU
		{CBF5A12D-6DC7-8362-381C-28AC78EC12CA}.Release|Any CPU.Build.0 = Release|Any CPU
		{CBF5A12D-6DC7-8362-381C-28AC78EC12CA}.Release|x64.ActiveCfg = Release|Any CPU
		{CBF5A12D-6DC7-8362-381C-28AC78EC12CA}.Release|x64.Build.0 = Release|Any CPU
		{CBF5A12D-6DC7-8362-381C-28AC78EC12CA}.Release|x86.ActiveCfg = Release|Any CPU
		{CBF5A12D-6DC7-8362-381C-28AC78EC12CA}.Release|x86.Build.0 = Release|Any CPU
		{9575F334-3D7F-4C96-9580-349947E69617}.Debug|Any CPU.ActiveCfg = Debug|Any CPU
		{9575F334-3D7F-4C96-9580-349947E69617}.Debug|Any CPU.Build.0 = Debug|Any CPU
		{9575F334-3D7F-4C96-9580-349947E69617}.Debug|x64.ActiveCfg = Debug|Any CPU
		{9575F334-3D7F-4C96-9580-349947E69617}.Debug|x64.Build.0 = Debug|Any CPU
		{9575F334-3D7F-4C96-9580-349947E69617}.Debug|x86.ActiveCfg = Debug|Any CPU
		{9575F334-3D7F-4C96-9580-349947E69617}.Debug|x86.Build.0 = Debug|Any CPU
		{9575F334-3D7F-4C96-9580-349947E69617}.Release|Any CPU.ActiveCfg = Release|Any CPU
		{9575F334-3D7F-4C96-9580-349947E69617}.Release|Any CPU.Build.0 = Release|Any CPU
		{9575F334-3D7F-4C96-9580-349947E69617}.Release|x64.ActiveCfg = Release|Any CPU
		{9575F334-3D7F-4C96-9580-349947E69617}.Release|x64.Build.0 = Release|Any CPU
		{9575F334-3D7F-4C96-9580-349947E69617}.Release|x86.ActiveCfg = Release|Any CPU
		{9575F334-3D7F-4C96-9580-349947E69617}.Release|x86.Build.0 = Release|Any CPU
		{76CBD251-BE62-4124-B9D7-F94F4931D5FE}.Debug|Any CPU.ActiveCfg = Debug|Any CPU
		{76CBD251-BE62-4124-B9D7-F94F4931D5FE}.Debug|Any CPU.Build.0 = Debug|Any CPU
		{76CBD251-BE62-4124-B9D7-F94F4931D5FE}.Debug|x64.ActiveCfg = Debug|Any CPU
		{76CBD251-BE62-4124-B9D7-F94F4931D5FE}.Debug|x64.Build.0 = Debug|Any CPU
		{76CBD251-BE62-4124-B9D7-F94F4931D5FE}.Debug|x86.ActiveCfg = Debug|Any CPU
		{76CBD251-BE62-4124-B9D7-F94F4931D5FE}.Debug|x86.Build.0 = Debug|Any CPU
		{76CBD251-BE62-4124-B9D7-F94F4931D5FE}.Release|Any CPU.ActiveCfg = Release|Any CPU
		{76CBD251-BE62-4124-B9D7-F94F4931D5FE}.Release|Any CPU.Build.0 = Release|Any CPU
		{76CBD251-BE62-4124-B9D7-F94F4931D5FE}.Release|x64.ActiveCfg = Release|Any CPU
		{76CBD251-BE62-4124-B9D7-F94F4931D5FE}.Release|x64.Build.0 = Release|Any CPU
		{76CBD251-BE62-4124-B9D7-F94F4931D5FE}.Release|x86.ActiveCfg = Release|Any CPU
		{76CBD251-BE62-4124-B9D7-F94F4931D5FE}.Release|x86.Build.0 = Release|Any CPU
		{A716F3B7-1C07-45A3-BBD9-3C9392E64C26}.Debug|Any CPU.ActiveCfg = Debug|Any CPU
		{A716F3B7-1C07-45A3-BBD9-3C9392E64C26}.Debug|Any CPU.Build.0 = Debug|Any CPU
		{A716F3B7-1C07-45A3-BBD9-3C9392E64C26}.Debug|x64.ActiveCfg = Debug|Any CPU
		{A716F3B7-1C07-45A3-BBD9-3C9392E64C26}.Debug|x64.Build.0 = Debug|Any CPU
		{A716F3B7-1C07-45A3-BBD9-3C9392E64C26}.Debug|x86.ActiveCfg = Debug|Any CPU
		{A716F3B7-1C07-45A3-BBD9-3C9392E64C26}.Debug|x86.Build.0 = Debug|Any CPU
		{A716F3B7-1C07-45A3-BBD9-3C9392E64C26}.Release|Any CPU.ActiveCfg = Release|Any CPU
		{A716F3B7-1C07-45A3-BBD9-3C9392E64C26}.Release|Any CPU.Build.0 = Release|Any CPU
		{A716F3B7-1C07-45A3-BBD9-3C9392E64C26}.Release|x64.ActiveCfg = Release|Any CPU
		{A716F3B7-1C07-45A3-BBD9-3C9392E64C26}.Release|x64.Build.0 = Release|Any CPU
		{A716F3B7-1C07-45A3-BBD9-3C9392E64C26}.Release|x86.ActiveCfg = Release|Any CPU
		{A716F3B7-1C07-45A3-BBD9-3C9392E64C26}.Release|x86.Build.0 = Release|Any CPU
		{13F5F51B-D7F3-411C-822F-0D4C40D2E0BC}.Debug|Any CPU.ActiveCfg = Debug|Any CPU
		{13F5F51B-D7F3-411C-822F-0D4C40D2E0BC}.Debug|Any CPU.Build.0 = Debug|Any CPU
		{13F5F51B-D7F3-411C-822F-0D4C40D2E0BC}.Debug|x64.ActiveCfg = Debug|Any CPU
		{13F5F51B-D7F3-411C-822F-0D4C40D2E0BC}.Debug|x64.Build.0 = Debug|Any CPU
		{13F5F51B-D7F3-411C-822F-0D4C40D2E0BC}.Debug|x86.ActiveCfg = Debug|Any CPU
		{13F5F51B-D7F3-411C-822F-0D4C40D2E0BC}.Debug|x86.Build.0 = Debug|Any CPU
		{13F5F51B-D7F3-411C-822F-0D4C40D2E0BC}.Release|Any CPU.ActiveCfg = Release|Any CPU
		{13F5F51B-D7F3-411C-822F-0D4C40D2E0BC}.Release|Any CPU.Build.0 = Release|Any CPU
		{13F5F51B-D7F3-411C-822F-0D4C40D2E0BC}.Release|x64.ActiveCfg = Release|Any CPU
		{13F5F51B-D7F3-411C-822F-0D4C40D2E0BC}.Release|x64.Build.0 = Release|Any CPU
		{13F5F51B-D7F3-411C-822F-0D4C40D2E0BC}.Release|x86.ActiveCfg = Release|Any CPU
		{13F5F51B-D7F3-411C-822F-0D4C40D2E0BC}.Release|x86.Build.0 = Release|Any CPU
		{47818EC2-716B-440D-9283-7F352EAD7FDB}.Debug|Any CPU.ActiveCfg = Debug|Any CPU
		{47818EC2-716B-440D-9283-7F352EAD7FDB}.Debug|Any CPU.Build.0 = Debug|Any CPU
		{47818EC2-716B-440D-9283-7F352EAD7FDB}.Debug|x64.ActiveCfg = Debug|Any CPU
		{47818EC2-716B-440D-9283-7F352EAD7FDB}.Debug|x64.Build.0 = Debug|Any CPU
		{47818EC2-716B-440D-9283-7F352EAD7FDB}.Debug|x86.ActiveCfg = Debug|Any CPU
		{47818EC2-716B-440D-9283-7F352EAD7FDB}.Debug|x86.Build.0 = Debug|Any CPU
		{47818EC2-716B-440D-9283-7F352EAD7FDB}.Release|Any CPU.ActiveCfg = Release|Any CPU
		{47818EC2-716B-440D-9283-7F352EAD7FDB}.Release|Any CPU.Build.0 = Release|Any CPU
		{47818EC2-716B-440D-9283-7F352EAD7FDB}.Release|x64.ActiveCfg = Release|Any CPU
		{47818EC2-716B-440D-9283-7F352EAD7FDB}.Release|x64.Build.0 = Release|Any CPU
		{47818EC2-716B-440D-9283-7F352EAD7FDB}.Release|x86.ActiveCfg = Release|Any CPU
		{47818EC2-716B-440D-9283-7F352EAD7FDB}.Release|x86.Build.0 = Release|Any CPU
		{78097FA7-CF57-4EE9-B722-1C423D66ACF1}.Debug|Any CPU.ActiveCfg = Debug|Any CPU
		{78097FA7-CF57-4EE9-B722-1C423D66ACF1}.Debug|Any CPU.Build.0 = Debug|Any CPU
		{78097FA7-CF57-4EE9-B722-1C423D66ACF1}.Debug|x64.ActiveCfg = Debug|Any CPU
		{78097FA7-CF57-4EE9-B722-1C423D66ACF1}.Debug|x64.Build.0 = Debug|Any CPU
		{78097FA7-CF57-4EE9-B722-1C423D66ACF1}.Debug|x86.ActiveCfg = Debug|Any CPU
		{78097FA7-CF57-4EE9-B722-1C423D66ACF1}.Debug|x86.Build.0 = Debug|Any CPU
		{78097FA7-CF57-4EE9-B722-1C423D66ACF1}.Release|Any CPU.ActiveCfg = Release|Any CPU
		{78097FA7-CF57-4EE9-B722-1C423D66ACF1}.Release|Any CPU.Build.0 = Release|Any CPU
		{78097FA7-CF57-4EE9-B722-1C423D66ACF1}.Release|x64.ActiveCfg = Release|Any CPU
		{78097FA7-CF57-4EE9-B722-1C423D66ACF1}.Release|x64.Build.0 = Release|Any CPU
		{78097FA7-CF57-4EE9-B722-1C423D66ACF1}.Release|x86.ActiveCfg = Release|Any CPU
		{78097FA7-CF57-4EE9-B722-1C423D66ACF1}.Release|x86.Build.0 = Release|Any CPU
		{2216EC6A-61AE-4A18-BFB4-1FF495BF0DF9}.Debug|Any CPU.ActiveCfg = Debug|Any CPU
		{2216EC6A-61AE-4A18-BFB4-1FF495BF0DF9}.Debug|Any CPU.Build.0 = Debug|Any CPU
		{2216EC6A-61AE-4A18-BFB4-1FF495BF0DF9}.Debug|x64.ActiveCfg = Debug|Any CPU
		{2216EC6A-61AE-4A18-BFB4-1FF495BF0DF9}.Debug|x64.Build.0 = Debug|Any CPU
		{2216EC6A-61AE-4A18-BFB4-1FF495BF0DF9}.Debug|x86.ActiveCfg = Debug|Any CPU
		{2216EC6A-61AE-4A18-BFB4-1FF495BF0DF9}.Debug|x86.Build.0 = Debug|Any CPU
		{2216EC6A-61AE-4A18-BFB4-1FF495BF0DF9}.Release|Any CPU.ActiveCfg = Release|Any CPU
		{2216EC6A-61AE-4A18-BFB4-1FF495BF0DF9}.Release|Any CPU.Build.0 = Release|Any CPU
		{2216EC6A-61AE-4A18-BFB4-1FF495BF0DF9}.Release|x64.ActiveCfg = Release|Any CPU
		{2216EC6A-61AE-4A18-BFB4-1FF495BF0DF9}.Release|x64.Build.0 = Release|Any CPU
		{2216EC6A-61AE-4A18-BFB4-1FF495BF0DF9}.Release|x86.ActiveCfg = Release|Any CPU
		{2216EC6A-61AE-4A18-BFB4-1FF495BF0DF9}.Release|x86.Build.0 = Release|Any CPU
		{6E045671-1585-4CDA-9296-570B24184D44}.Debug|Any CPU.ActiveCfg = Debug|Any CPU
		{6E045671-1585-4CDA-9296-570B24184D44}.Debug|Any CPU.Build.0 = Debug|Any CPU
		{6E045671-1585-4CDA-9296-570B24184D44}.Debug|x64.ActiveCfg = Debug|Any CPU
		{6E045671-1585-4CDA-9296-570B24184D44}.Debug|x64.Build.0 = Debug|Any CPU
		{6E045671-1585-4CDA-9296-570B24184D44}.Debug|x86.ActiveCfg = Debug|Any CPU
		{6E045671-1585-4CDA-9296-570B24184D44}.Debug|x86.Build.0 = Debug|Any CPU
		{6E045671-1585-4CDA-9296-570B24184D44}.Release|Any CPU.ActiveCfg = Release|Any CPU
		{6E045671-1585-4CDA-9296-570B24184D44}.Release|Any CPU.Build.0 = Release|Any CPU
		{6E045671-1585-4CDA-9296-570B24184D44}.Release|x64.ActiveCfg = Release|Any CPU
		{6E045671-1585-4CDA-9296-570B24184D44}.Release|x64.Build.0 = Release|Any CPU
		{6E045671-1585-4CDA-9296-570B24184D44}.Release|x86.ActiveCfg = Release|Any CPU
		{6E045671-1585-4CDA-9296-570B24184D44}.Release|x86.Build.0 = Release|Any CPU
		{AD7CC3E0-0EDC-44BA-A1B2-28F95B6DD329}.Debug|Any CPU.ActiveCfg = Debug|Any CPU
		{AD7CC3E0-0EDC-44BA-A1B2-28F95B6DD329}.Debug|Any CPU.Build.0 = Debug|Any CPU
		{AD7CC3E0-0EDC-44BA-A1B2-28F95B6DD329}.Debug|x64.ActiveCfg = Debug|Any CPU
		{AD7CC3E0-0EDC-44BA-A1B2-28F95B6DD329}.Debug|x64.Build.0 = Debug|Any CPU
		{AD7CC3E0-0EDC-44BA-A1B2-28F95B6DD329}.Debug|x86.ActiveCfg = Debug|Any CPU
		{AD7CC3E0-0EDC-44BA-A1B2-28F95B6DD329}.Debug|x86.Build.0 = Debug|Any CPU
		{AD7CC3E0-0EDC-44BA-A1B2-28F95B6DD329}.Release|Any CPU.ActiveCfg = Release|Any CPU
		{AD7CC3E0-0EDC-44BA-A1B2-28F95B6DD329}.Release|Any CPU.Build.0 = Release|Any CPU
		{AD7CC3E0-0EDC-44BA-A1B2-28F95B6DD329}.Release|x64.ActiveCfg = Release|Any CPU
		{AD7CC3E0-0EDC-44BA-A1B2-28F95B6DD329}.Release|x64.Build.0 = Release|Any CPU
		{AD7CC3E0-0EDC-44BA-A1B2-28F95B6DD329}.Release|x86.ActiveCfg = Release|Any CPU
		{AD7CC3E0-0EDC-44BA-A1B2-28F95B6DD329}.Release|x86.Build.0 = Release|Any CPU
		{819AA359-A800-452D-8EDD-3D27DB88E692}.Debug|Any CPU.ActiveCfg = Debug|Any CPU
		{819AA359-A800-452D-8EDD-3D27DB88E692}.Debug|Any CPU.Build.0 = Debug|Any CPU
		{819AA359-A800-452D-8EDD-3D27DB88E692}.Debug|x64.ActiveCfg = Debug|Any CPU
		{819AA359-A800-452D-8EDD-3D27DB88E692}.Debug|x64.Build.0 = Debug|Any CPU
		{819AA359-A800-452D-8EDD-3D27DB88E692}.Debug|x86.ActiveCfg = Debug|Any CPU
		{819AA359-A800-452D-8EDD-3D27DB88E692}.Debug|x86.Build.0 = Debug|Any CPU
		{819AA359-A800-452D-8EDD-3D27DB88E692}.Release|Any CPU.ActiveCfg = Release|Any CPU
		{819AA359-A800-452D-8EDD-3D27DB88E692}.Release|Any CPU.Build.0 = Release|Any CPU
		{819AA359-A800-452D-8EDD-3D27DB88E692}.Release|x64.ActiveCfg = Release|Any CPU
		{819AA359-A800-452D-8EDD-3D27DB88E692}.Release|x64.Build.0 = Release|Any CPU
		{819AA359-A800-452D-8EDD-3D27DB88E692}.Release|x86.ActiveCfg = Release|Any CPU
		{819AA359-A800-452D-8EDD-3D27DB88E692}.Release|x86.Build.0 = Release|Any CPU
		{A5261210-FBA2-409B-B16B-2582E68F6B62}.Debug|Any CPU.ActiveCfg = Debug|Any CPU
		{A5261210-FBA2-409B-B16B-2582E68F6B62}.Debug|Any CPU.Build.0 = Debug|Any CPU
		{A5261210-FBA2-409B-B16B-2582E68F6B62}.Debug|x64.ActiveCfg = Debug|Any CPU
		{A5261210-FBA2-409B-B16B-2582E68F6B62}.Debug|x64.Build.0 = Debug|Any CPU
		{A5261210-FBA2-409B-B16B-2582E68F6B62}.Debug|x86.ActiveCfg = Debug|Any CPU
		{A5261210-FBA2-409B-B16B-2582E68F6B62}.Debug|x86.Build.0 = Debug|Any CPU
		{A5261210-FBA2-409B-B16B-2582E68F6B62}.Release|Any CPU.ActiveCfg = Release|Any CPU
		{A5261210-FBA2-409B-B16B-2582E68F6B62}.Release|Any CPU.Build.0 = Release|Any CPU
		{A5261210-FBA2-409B-B16B-2582E68F6B62}.Release|x64.ActiveCfg = Release|Any CPU
		{A5261210-FBA2-409B-B16B-2582E68F6B62}.Release|x64.Build.0 = Release|Any CPU
		{A5261210-FBA2-409B-B16B-2582E68F6B62}.Release|x86.ActiveCfg = Release|Any CPU
		{A5261210-FBA2-409B-B16B-2582E68F6B62}.Release|x86.Build.0 = Release|Any CPU
		{DC93EA93-2ADA-457E-BE22-8C90685B7B39}.Debug|Any CPU.ActiveCfg = Debug|Any CPU
		{DC93EA93-2ADA-457E-BE22-8C90685B7B39}.Debug|Any CPU.Build.0 = Debug|Any CPU
		{DC93EA93-2ADA-457E-BE22-8C90685B7B39}.Debug|x64.ActiveCfg = Debug|Any CPU
		{DC93EA93-2ADA-457E-BE22-8C90685B7B39}.Debug|x64.Build.0 = Debug|Any CPU
		{DC93EA93-2ADA-457E-BE22-8C90685B7B39}.Debug|x86.ActiveCfg = Debug|Any CPU
		{DC93EA93-2ADA-457E-BE22-8C90685B7B39}.Debug|x86.Build.0 = Debug|Any CPU
		{DC93EA93-2ADA-457E-BE22-8C90685B7B39}.Release|Any CPU.ActiveCfg = Release|Any CPU
		{DC93EA93-2ADA-457E-BE22-8C90685B7B39}.Release|Any CPU.Build.0 = Release|Any CPU
		{DC93EA93-2ADA-457E-BE22-8C90685B7B39}.Release|x64.ActiveCfg = Release|Any CPU
		{DC93EA93-2ADA-457E-BE22-8C90685B7B39}.Release|x64.Build.0 = Release|Any CPU
		{DC93EA93-2ADA-457E-BE22-8C90685B7B39}.Release|x86.ActiveCfg = Release|Any CPU
		{DC93EA93-2ADA-457E-BE22-8C90685B7B39}.Release|x86.Build.0 = Release|Any CPU
		{7A784F8D-428D-484A-93C1-F4F39BFAA8CE}.Debug|Any CPU.ActiveCfg = Debug|Any CPU
		{7A784F8D-428D-484A-93C1-F4F39BFAA8CE}.Debug|Any CPU.Build.0 = Debug|Any CPU
		{7A784F8D-428D-484A-93C1-F4F39BFAA8CE}.Debug|x64.ActiveCfg = Debug|Any CPU
		{7A784F8D-428D-484A-93C1-F4F39BFAA8CE}.Debug|x64.Build.0 = Debug|Any CPU
		{7A784F8D-428D-484A-93C1-F4F39BFAA8CE}.Debug|x86.ActiveCfg = Debug|Any CPU
		{7A784F8D-428D-484A-93C1-F4F39BFAA8CE}.Debug|x86.Build.0 = Debug|Any CPU
		{7A784F8D-428D-484A-93C1-F4F39BFAA8CE}.Release|Any CPU.ActiveCfg = Release|Any CPU
		{7A784F8D-428D-484A-93C1-F4F39BFAA8CE}.Release|Any CPU.Build.0 = Release|Any CPU
		{7A784F8D-428D-484A-93C1-F4F39BFAA8CE}.Release|x64.ActiveCfg = Release|Any CPU
		{7A784F8D-428D-484A-93C1-F4F39BFAA8CE}.Release|x64.Build.0 = Release|Any CPU
		{7A784F8D-428D-484A-93C1-F4F39BFAA8CE}.Release|x86.ActiveCfg = Release|Any CPU
		{7A784F8D-428D-484A-93C1-F4F39BFAA8CE}.Release|x86.Build.0 = Release|Any CPU
		{1D6377B2-6CBF-4B50-9D29-513D0FF1DE33}.Debug|Any CPU.ActiveCfg = Debug|Any CPU
		{1D6377B2-6CBF-4B50-9D29-513D0FF1DE33}.Debug|Any CPU.Build.0 = Debug|Any CPU
		{1D6377B2-6CBF-4B50-9D29-513D0FF1DE33}.Debug|x64.ActiveCfg = Debug|Any CPU
		{1D6377B2-6CBF-4B50-9D29-513D0FF1DE33}.Debug|x64.Build.0 = Debug|Any CPU
		{1D6377B2-6CBF-4B50-9D29-513D0FF1DE33}.Debug|x86.ActiveCfg = Debug|Any CPU
		{1D6377B2-6CBF-4B50-9D29-513D0FF1DE33}.Debug|x86.Build.0 = Debug|Any CPU
		{1D6377B2-6CBF-4B50-9D29-513D0FF1DE33}.Release|Any CPU.ActiveCfg = Release|Any CPU
		{1D6377B2-6CBF-4B50-9D29-513D0FF1DE33}.Release|Any CPU.Build.0 = Release|Any CPU
		{1D6377B2-6CBF-4B50-9D29-513D0FF1DE33}.Release|x64.ActiveCfg = Release|Any CPU
		{1D6377B2-6CBF-4B50-9D29-513D0FF1DE33}.Release|x64.Build.0 = Release|Any CPU
		{1D6377B2-6CBF-4B50-9D29-513D0FF1DE33}.Release|x86.ActiveCfg = Release|Any CPU
		{1D6377B2-6CBF-4B50-9D29-513D0FF1DE33}.Release|x86.Build.0 = Release|Any CPU
		{4A88E912-FFC8-450A-92BB-681BE4F845CE}.Debug|Any CPU.ActiveCfg = Debug|Any CPU
		{4A88E912-FFC8-450A-92BB-681BE4F845CE}.Debug|Any CPU.Build.0 = Debug|Any CPU
		{4A88E912-FFC8-450A-92BB-681BE4F845CE}.Debug|x64.ActiveCfg = Debug|Any CPU
		{4A88E912-FFC8-450A-92BB-681BE4F845CE}.Debug|x64.Build.0 = Debug|Any CPU
		{4A88E912-FFC8-450A-92BB-681BE4F845CE}.Debug|x86.ActiveCfg = Debug|Any CPU
		{4A88E912-FFC8-450A-92BB-681BE4F845CE}.Debug|x86.Build.0 = Debug|Any CPU
		{4A88E912-FFC8-450A-92BB-681BE4F845CE}.Release|Any CPU.ActiveCfg = Release|Any CPU
		{4A88E912-FFC8-450A-92BB-681BE4F845CE}.Release|Any CPU.Build.0 = Release|Any CPU
		{4A88E912-FFC8-450A-92BB-681BE4F845CE}.Release|x64.ActiveCfg = Release|Any CPU
		{4A88E912-FFC8-450A-92BB-681BE4F845CE}.Release|x64.Build.0 = Release|Any CPU
		{4A88E912-FFC8-450A-92BB-681BE4F845CE}.Release|x86.ActiveCfg = Release|Any CPU
		{4A88E912-FFC8-450A-92BB-681BE4F845CE}.Release|x86.Build.0 = Release|Any CPU
		{ABFCEE95-99FD-40E3-99E5-508B80C1C208}.Debug|Any CPU.ActiveCfg = Debug|Any CPU
		{ABFCEE95-99FD-40E3-99E5-508B80C1C208}.Debug|Any CPU.Build.0 = Debug|Any CPU
		{ABFCEE95-99FD-40E3-99E5-508B80C1C208}.Debug|x64.ActiveCfg = Debug|Any CPU
		{ABFCEE95-99FD-40E3-99E5-508B80C1C208}.Debug|x64.Build.0 = Debug|Any CPU
		{ABFCEE95-99FD-40E3-99E5-508B80C1C208}.Debug|x86.ActiveCfg = Debug|Any CPU
		{ABFCEE95-99FD-40E3-99E5-508B80C1C208}.Debug|x86.Build.0 = Debug|Any CPU
		{ABFCEE95-99FD-40E3-99E5-508B80C1C208}.Release|Any CPU.ActiveCfg = Release|Any CPU
		{ABFCEE95-99FD-40E3-99E5-508B80C1C208}.Release|Any CPU.Build.0 = Release|Any CPU
		{ABFCEE95-99FD-40E3-99E5-508B80C1C208}.Release|x64.ActiveCfg = Release|Any CPU
		{ABFCEE95-99FD-40E3-99E5-508B80C1C208}.Release|x64.Build.0 = Release|Any CPU
		{ABFCEE95-99FD-40E3-99E5-508B80C1C208}.Release|x86.ActiveCfg = Release|Any CPU
		{ABFCEE95-99FD-40E3-99E5-508B80C1C208}.Release|x86.Build.0 = Release|Any CPU
		{A881AB7E-3BF4-452E-8C84-9BBDCEE2F086}.Debug|Any CPU.ActiveCfg = Debug|Any CPU
		{A881AB7E-3BF4-452E-8C84-9BBDCEE2F086}.Debug|Any CPU.Build.0 = Debug|Any CPU
		{A881AB7E-3BF4-452E-8C84-9BBDCEE2F086}.Debug|x64.ActiveCfg = Debug|Any CPU
		{A881AB7E-3BF4-452E-8C84-9BBDCEE2F086}.Debug|x64.Build.0 = Debug|Any CPU
		{A881AB7E-3BF4-452E-8C84-9BBDCEE2F086}.Debug|x86.ActiveCfg = Debug|Any CPU
		{A881AB7E-3BF4-452E-8C84-9BBDCEE2F086}.Debug|x86.Build.0 = Debug|Any CPU
		{A881AB7E-3BF4-452E-8C84-9BBDCEE2F086}.Release|Any CPU.ActiveCfg = Release|Any CPU
		{A881AB7E-3BF4-452E-8C84-9BBDCEE2F086}.Release|Any CPU.Build.0 = Release|Any CPU
		{A881AB7E-3BF4-452E-8C84-9BBDCEE2F086}.Release|x64.ActiveCfg = Release|Any CPU
		{A881AB7E-3BF4-452E-8C84-9BBDCEE2F086}.Release|x64.Build.0 = Release|Any CPU
		{A881AB7E-3BF4-452E-8C84-9BBDCEE2F086}.Release|x86.ActiveCfg = Release|Any CPU
		{A881AB7E-3BF4-452E-8C84-9BBDCEE2F086}.Release|x86.Build.0 = Release|Any CPU
		{19492109-8C28-4050-A1BE-F0038F45C14F}.Debug|Any CPU.ActiveCfg = Debug|Any CPU
		{19492109-8C28-4050-A1BE-F0038F45C14F}.Debug|Any CPU.Build.0 = Debug|Any CPU
		{19492109-8C28-4050-A1BE-F0038F45C14F}.Debug|x64.ActiveCfg = Debug|Any CPU
		{19492109-8C28-4050-A1BE-F0038F45C14F}.Debug|x64.Build.0 = Debug|Any CPU
		{19492109-8C28-4050-A1BE-F0038F45C14F}.Debug|x86.ActiveCfg = Debug|Any CPU
		{19492109-8C28-4050-A1BE-F0038F45C14F}.Debug|x86.Build.0 = Debug|Any CPU
		{19492109-8C28-4050-A1BE-F0038F45C14F}.Release|Any CPU.ActiveCfg = Release|Any CPU
		{19492109-8C28-4050-A1BE-F0038F45C14F}.Release|Any CPU.Build.0 = Release|Any CPU
		{19492109-8C28-4050-A1BE-F0038F45C14F}.Release|x64.ActiveCfg = Release|Any CPU
		{19492109-8C28-4050-A1BE-F0038F45C14F}.Release|x64.Build.0 = Release|Any CPU
		{19492109-8C28-4050-A1BE-F0038F45C14F}.Release|x86.ActiveCfg = Release|Any CPU
		{19492109-8C28-4050-A1BE-F0038F45C14F}.Release|x86.Build.0 = Release|Any CPU
		{9A2E4DF5-C5B0-4E4D-887F-E732F4C81DD4}.Debug|Any CPU.ActiveCfg = Debug|Any CPU
		{9A2E4DF5-C5B0-4E4D-887F-E732F4C81DD4}.Debug|Any CPU.Build.0 = Debug|Any CPU
		{9A2E4DF5-C5B0-4E4D-887F-E732F4C81DD4}.Debug|x64.ActiveCfg = Debug|Any CPU
		{9A2E4DF5-C5B0-4E4D-887F-E732F4C81DD4}.Debug|x64.Build.0 = Debug|Any CPU
		{9A2E4DF5-C5B0-4E4D-887F-E732F4C81DD4}.Debug|x86.ActiveCfg = Debug|Any CPU
		{9A2E4DF5-C5B0-4E4D-887F-E732F4C81DD4}.Debug|x86.Build.0 = Debug|Any CPU
		{9A2E4DF5-C5B0-4E4D-887F-E732F4C81DD4}.Release|Any CPU.ActiveCfg = Release|Any CPU
		{9A2E4DF5-C5B0-4E4D-887F-E732F4C81DD4}.Release|Any CPU.Build.0 = Release|Any CPU
		{9A2E4DF5-C5B0-4E4D-887F-E732F4C81DD4}.Release|x64.ActiveCfg = Release|Any CPU
		{9A2E4DF5-C5B0-4E4D-887F-E732F4C81DD4}.Release|x64.Build.0 = Release|Any CPU
		{9A2E4DF5-C5B0-4E4D-887F-E732F4C81DD4}.Release|x86.ActiveCfg = Release|Any CPU
		{9A2E4DF5-C5B0-4E4D-887F-E732F4C81DD4}.Release|x86.Build.0 = Release|Any CPU
		{0A58ABCA-A2C6-4AAB-8101-89214C7F723E}.Debug|Any CPU.ActiveCfg = Debug|Any CPU
		{0A58ABCA-A2C6-4AAB-8101-89214C7F723E}.Debug|Any CPU.Build.0 = Debug|Any CPU
		{0A58ABCA-A2C6-4AAB-8101-89214C7F723E}.Debug|x64.ActiveCfg = Debug|Any CPU
		{0A58ABCA-A2C6-4AAB-8101-89214C7F723E}.Debug|x64.Build.0 = Debug|Any CPU
		{0A58ABCA-A2C6-4AAB-8101-89214C7F723E}.Debug|x86.ActiveCfg = Debug|Any CPU
		{0A58ABCA-A2C6-4AAB-8101-89214C7F723E}.Debug|x86.Build.0 = Debug|Any CPU
		{0A58ABCA-A2C6-4AAB-8101-89214C7F723E}.Release|Any CPU.ActiveCfg = Release|Any CPU
		{0A58ABCA-A2C6-4AAB-8101-89214C7F723E}.Release|Any CPU.Build.0 = Release|Any CPU
		{0A58ABCA-A2C6-4AAB-8101-89214C7F723E}.Release|x64.ActiveCfg = Release|Any CPU
		{0A58ABCA-A2C6-4AAB-8101-89214C7F723E}.Release|x64.Build.0 = Release|Any CPU
		{0A58ABCA-A2C6-4AAB-8101-89214C7F723E}.Release|x86.ActiveCfg = Release|Any CPU
		{0A58ABCA-A2C6-4AAB-8101-89214C7F723E}.Release|x86.Build.0 = Release|Any CPU
		{AE2191B6-7FEE-4BAF-A2D9-42CFCFE65D9B}.Debug|Any CPU.ActiveCfg = Debug|Any CPU
		{AE2191B6-7FEE-4BAF-A2D9-42CFCFE65D9B}.Debug|Any CPU.Build.0 = Debug|Any CPU
		{AE2191B6-7FEE-4BAF-A2D9-42CFCFE65D9B}.Debug|x64.ActiveCfg = Debug|Any CPU
		{AE2191B6-7FEE-4BAF-A2D9-42CFCFE65D9B}.Debug|x64.Build.0 = Debug|Any CPU
		{AE2191B6-7FEE-4BAF-A2D9-42CFCFE65D9B}.Debug|x86.ActiveCfg = Debug|Any CPU
		{AE2191B6-7FEE-4BAF-A2D9-42CFCFE65D9B}.Debug|x86.Build.0 = Debug|Any CPU
		{AE2191B6-7FEE-4BAF-A2D9-42CFCFE65D9B}.Release|Any CPU.ActiveCfg = Release|Any CPU
		{AE2191B6-7FEE-4BAF-A2D9-42CFCFE65D9B}.Release|Any CPU.Build.0 = Release|Any CPU
		{AE2191B6-7FEE-4BAF-A2D9-42CFCFE65D9B}.Release|x64.ActiveCfg = Release|Any CPU
		{AE2191B6-7FEE-4BAF-A2D9-42CFCFE65D9B}.Release|x64.Build.0 = Release|Any CPU
		{AE2191B6-7FEE-4BAF-A2D9-42CFCFE65D9B}.Release|x86.ActiveCfg = Release|Any CPU
		{AE2191B6-7FEE-4BAF-A2D9-42CFCFE65D9B}.Release|x86.Build.0 = Release|Any CPU
		{8635D83C-3EAD-4EE1-B216-30672945D19D}.Debug|Any CPU.ActiveCfg = Debug|Any CPU
		{8635D83C-3EAD-4EE1-B216-30672945D19D}.Debug|Any CPU.Build.0 = Debug|Any CPU
		{8635D83C-3EAD-4EE1-B216-30672945D19D}.Debug|x64.ActiveCfg = Debug|Any CPU
		{8635D83C-3EAD-4EE1-B216-30672945D19D}.Debug|x64.Build.0 = Debug|Any CPU
		{8635D83C-3EAD-4EE1-B216-30672945D19D}.Debug|x86.ActiveCfg = Debug|Any CPU
		{8635D83C-3EAD-4EE1-B216-30672945D19D}.Debug|x86.Build.0 = Debug|Any CPU
		{8635D83C-3EAD-4EE1-B216-30672945D19D}.Release|Any CPU.ActiveCfg = Release|Any CPU
		{8635D83C-3EAD-4EE1-B216-30672945D19D}.Release|Any CPU.Build.0 = Release|Any CPU
		{8635D83C-3EAD-4EE1-B216-30672945D19D}.Release|x64.ActiveCfg = Release|Any CPU
		{8635D83C-3EAD-4EE1-B216-30672945D19D}.Release|x64.Build.0 = Release|Any CPU
		{8635D83C-3EAD-4EE1-B216-30672945D19D}.Release|x86.ActiveCfg = Release|Any CPU
		{8635D83C-3EAD-4EE1-B216-30672945D19D}.Release|x86.Build.0 = Release|Any CPU
		{D3D63672-ABD6-4492-A903-F1F9532E9F42}.Debug|Any CPU.ActiveCfg = Debug|Any CPU
		{D3D63672-ABD6-4492-A903-F1F9532E9F42}.Debug|Any CPU.Build.0 = Debug|Any CPU
		{D3D63672-ABD6-4492-A903-F1F9532E9F42}.Debug|x64.ActiveCfg = Debug|Any CPU
		{D3D63672-ABD6-4492-A903-F1F9532E9F42}.Debug|x64.Build.0 = Debug|Any CPU
		{D3D63672-ABD6-4492-A903-F1F9532E9F42}.Debug|x86.ActiveCfg = Debug|Any CPU
		{D3D63672-ABD6-4492-A903-F1F9532E9F42}.Debug|x86.Build.0 = Debug|Any CPU
		{D3D63672-ABD6-4492-A903-F1F9532E9F42}.Release|Any CPU.ActiveCfg = Release|Any CPU
		{D3D63672-ABD6-4492-A903-F1F9532E9F42}.Release|Any CPU.Build.0 = Release|Any CPU
		{D3D63672-ABD6-4492-A903-F1F9532E9F42}.Release|x64.ActiveCfg = Release|Any CPU
		{D3D63672-ABD6-4492-A903-F1F9532E9F42}.Release|x64.Build.0 = Release|Any CPU
		{D3D63672-ABD6-4492-A903-F1F9532E9F42}.Release|x86.ActiveCfg = Release|Any CPU
		{D3D63672-ABD6-4492-A903-F1F9532E9F42}.Release|x86.Build.0 = Release|Any CPU
		{BAD94E3B-70A9-474A-BA03-6EFC0C2BD9BB}.Debug|Any CPU.ActiveCfg = Debug|Any CPU
		{BAD94E3B-70A9-474A-BA03-6EFC0C2BD9BB}.Debug|Any CPU.Build.0 = Debug|Any CPU
		{BAD94E3B-70A9-474A-BA03-6EFC0C2BD9BB}.Debug|x64.ActiveCfg = Debug|Any CPU
		{BAD94E3B-70A9-474A-BA03-6EFC0C2BD9BB}.Debug|x64.Build.0 = Debug|Any CPU
		{BAD94E3B-70A9-474A-BA03-6EFC0C2BD9BB}.Debug|x86.ActiveCfg = Debug|Any CPU
		{BAD94E3B-70A9-474A-BA03-6EFC0C2BD9BB}.Debug|x86.Build.0 = Debug|Any CPU
		{BAD94E3B-70A9-474A-BA03-6EFC0C2BD9BB}.Release|Any CPU.ActiveCfg = Release|Any CPU
		{BAD94E3B-70A9-474A-BA03-6EFC0C2BD9BB}.Release|Any CPU.Build.0 = Release|Any CPU
		{BAD94E3B-70A9-474A-BA03-6EFC0C2BD9BB}.Release|x64.ActiveCfg = Release|Any CPU
		{BAD94E3B-70A9-474A-BA03-6EFC0C2BD9BB}.Release|x64.Build.0 = Release|Any CPU
		{BAD94E3B-70A9-474A-BA03-6EFC0C2BD9BB}.Release|x86.ActiveCfg = Release|Any CPU
		{BAD94E3B-70A9-474A-BA03-6EFC0C2BD9BB}.Release|x86.Build.0 = Release|Any CPU
		{11361684-5294-F9E0-3E6B-EB5A60682B75}.Debug|Any CPU.ActiveCfg = Debug|Any CPU
		{11361684-5294-F9E0-3E6B-EB5A60682B75}.Debug|Any CPU.Build.0 = Debug|Any CPU
		{11361684-5294-F9E0-3E6B-EB5A60682B75}.Debug|x64.ActiveCfg = Debug|Any CPU
		{11361684-5294-F9E0-3E6B-EB5A60682B75}.Debug|x64.Build.0 = Debug|Any CPU
		{11361684-5294-F9E0-3E6B-EB5A60682B75}.Debug|x86.ActiveCfg = Debug|Any CPU
		{11361684-5294-F9E0-3E6B-EB5A60682B75}.Debug|x86.Build.0 = Debug|Any CPU
		{11361684-5294-F9E0-3E6B-EB5A60682B75}.Release|Any CPU.ActiveCfg = Release|Any CPU
		{11361684-5294-F9E0-3E6B-EB5A60682B75}.Release|Any CPU.Build.0 = Release|Any CPU
		{11361684-5294-F9E0-3E6B-EB5A60682B75}.Release|x64.ActiveCfg = Release|Any CPU
		{11361684-5294-F9E0-3E6B-EB5A60682B75}.Release|x64.Build.0 = Release|Any CPU
		{11361684-5294-F9E0-3E6B-EB5A60682B75}.Release|x86.ActiveCfg = Release|Any CPU
		{11361684-5294-F9E0-3E6B-EB5A60682B75}.Release|x86.Build.0 = Release|Any CPU
		{3257BE12-0397-E7F8-99DA-DBC3985FB98D}.Debug|Any CPU.ActiveCfg = Debug|Any CPU
		{3257BE12-0397-E7F8-99DA-DBC3985FB98D}.Debug|Any CPU.Build.0 = Debug|Any CPU
		{3257BE12-0397-E7F8-99DA-DBC3985FB98D}.Debug|x64.ActiveCfg = Debug|Any CPU
		{3257BE12-0397-E7F8-99DA-DBC3985FB98D}.Debug|x64.Build.0 = Debug|Any CPU
		{3257BE12-0397-E7F8-99DA-DBC3985FB98D}.Debug|x86.ActiveCfg = Debug|Any CPU
		{3257BE12-0397-E7F8-99DA-DBC3985FB98D}.Debug|x86.Build.0 = Debug|Any CPU
		{3257BE12-0397-E7F8-99DA-DBC3985FB98D}.Release|Any CPU.ActiveCfg = Release|Any CPU
		{3257BE12-0397-E7F8-99DA-DBC3985FB98D}.Release|Any CPU.Build.0 = Release|Any CPU
		{3257BE12-0397-E7F8-99DA-DBC3985FB98D}.Release|x64.ActiveCfg = Release|Any CPU
		{3257BE12-0397-E7F8-99DA-DBC3985FB98D}.Release|x64.Build.0 = Release|Any CPU
		{3257BE12-0397-E7F8-99DA-DBC3985FB98D}.Release|x86.ActiveCfg = Release|Any CPU
		{3257BE12-0397-E7F8-99DA-DBC3985FB98D}.Release|x86.Build.0 = Release|Any CPU
		{D3C17E0D-3127-502A-97BA-C6490F7A1CF7}.Debug|Any CPU.ActiveCfg = Debug|Any CPU
		{D3C17E0D-3127-502A-97BA-C6490F7A1CF7}.Debug|Any CPU.Build.0 = Debug|Any CPU
		{D3C17E0D-3127-502A-97BA-C6490F7A1CF7}.Debug|x64.ActiveCfg = Debug|Any CPU
		{D3C17E0D-3127-502A-97BA-C6490F7A1CF7}.Debug|x64.Build.0 = Debug|Any CPU
		{D3C17E0D-3127-502A-97BA-C6490F7A1CF7}.Debug|x86.ActiveCfg = Debug|Any CPU
		{D3C17E0D-3127-502A-97BA-C6490F7A1CF7}.Debug|x86.Build.0 = Debug|Any CPU
		{D3C17E0D-3127-502A-97BA-C6490F7A1CF7}.Release|Any CPU.ActiveCfg = Release|Any CPU
		{D3C17E0D-3127-502A-97BA-C6490F7A1CF7}.Release|Any CPU.Build.0 = Release|Any CPU
		{D3C17E0D-3127-502A-97BA-C6490F7A1CF7}.Release|x64.ActiveCfg = Release|Any CPU
		{D3C17E0D-3127-502A-97BA-C6490F7A1CF7}.Release|x64.Build.0 = Release|Any CPU
		{D3C17E0D-3127-502A-97BA-C6490F7A1CF7}.Release|x86.ActiveCfg = Release|Any CPU
		{D3C17E0D-3127-502A-97BA-C6490F7A1CF7}.Release|x86.Build.0 = Release|Any CPU
		{7CD7D947-F5FB-401E-2097-DE6E2E9ED79F}.Debug|Any CPU.ActiveCfg = Debug|Any CPU
		{7CD7D947-F5FB-401E-2097-DE6E2E9ED79F}.Debug|Any CPU.Build.0 = Debug|Any CPU
		{7CD7D947-F5FB-401E-2097-DE6E2E9ED79F}.Debug|x64.ActiveCfg = Debug|Any CPU
		{7CD7D947-F5FB-401E-2097-DE6E2E9ED79F}.Debug|x64.Build.0 = Debug|Any CPU
		{7CD7D947-F5FB-401E-2097-DE6E2E9ED79F}.Debug|x86.ActiveCfg = Debug|Any CPU
		{7CD7D947-F5FB-401E-2097-DE6E2E9ED79F}.Debug|x86.Build.0 = Debug|Any CPU
		{7CD7D947-F5FB-401E-2097-DE6E2E9ED79F}.Release|Any CPU.ActiveCfg = Release|Any CPU
		{7CD7D947-F5FB-401E-2097-DE6E2E9ED79F}.Release|Any CPU.Build.0 = Release|Any CPU
		{7CD7D947-F5FB-401E-2097-DE6E2E9ED79F}.Release|x64.ActiveCfg = Release|Any CPU
		{7CD7D947-F5FB-401E-2097-DE6E2E9ED79F}.Release|x64.Build.0 = Release|Any CPU
		{7CD7D947-F5FB-401E-2097-DE6E2E9ED79F}.Release|x86.ActiveCfg = Release|Any CPU
		{7CD7D947-F5FB-401E-2097-DE6E2E9ED79F}.Release|x86.Build.0 = Release|Any CPU
		{0C9D3922-CB1E-427D-B276-77447E9BD739}.Debug|Any CPU.ActiveCfg = Debug|Any CPU
		{0C9D3922-CB1E-427D-B276-77447E9BD739}.Debug|Any CPU.Build.0 = Debug|Any CPU
		{0C9D3922-CB1E-427D-B276-77447E9BD739}.Debug|x64.ActiveCfg = Debug|Any CPU
		{0C9D3922-CB1E-427D-B276-77447E9BD739}.Debug|x64.Build.0 = Debug|Any CPU
		{0C9D3922-CB1E-427D-B276-77447E9BD739}.Debug|x86.ActiveCfg = Debug|Any CPU
		{0C9D3922-CB1E-427D-B276-77447E9BD739}.Debug|x86.Build.0 = Debug|Any CPU
		{0C9D3922-CB1E-427D-B276-77447E9BD739}.Release|Any CPU.ActiveCfg = Release|Any CPU
		{0C9D3922-CB1E-427D-B276-77447E9BD739}.Release|Any CPU.Build.0 = Release|Any CPU
		{0C9D3922-CB1E-427D-B276-77447E9BD739}.Release|x64.ActiveCfg = Release|Any CPU
		{0C9D3922-CB1E-427D-B276-77447E9BD739}.Release|x64.Build.0 = Release|Any CPU
		{0C9D3922-CB1E-427D-B276-77447E9BD739}.Release|x86.ActiveCfg = Release|Any CPU
		{0C9D3922-CB1E-427D-B276-77447E9BD739}.Release|x86.Build.0 = Release|Any CPU
		{4E7F1751-7FEC-4CBA-AEEF-A5263B388A67}.Debug|Any CPU.ActiveCfg = Debug|Any CPU
		{4E7F1751-7FEC-4CBA-AEEF-A5263B388A67}.Debug|Any CPU.Build.0 = Debug|Any CPU
		{4E7F1751-7FEC-4CBA-AEEF-A5263B388A67}.Debug|x64.ActiveCfg = Debug|Any CPU
		{4E7F1751-7FEC-4CBA-AEEF-A5263B388A67}.Debug|x64.Build.0 = Debug|Any CPU
		{4E7F1751-7FEC-4CBA-AEEF-A5263B388A67}.Debug|x86.ActiveCfg = Debug|Any CPU
		{4E7F1751-7FEC-4CBA-AEEF-A5263B388A67}.Debug|x86.Build.0 = Debug|Any CPU
		{4E7F1751-7FEC-4CBA-AEEF-A5263B388A67}.Release|Any CPU.ActiveCfg = Release|Any CPU
		{4E7F1751-7FEC-4CBA-AEEF-A5263B388A67}.Release|Any CPU.Build.0 = Release|Any CPU
		{4E7F1751-7FEC-4CBA-AEEF-A5263B388A67}.Release|x64.ActiveCfg = Release|Any CPU
		{4E7F1751-7FEC-4CBA-AEEF-A5263B388A67}.Release|x64.Build.0 = Release|Any CPU
		{4E7F1751-7FEC-4CBA-AEEF-A5263B388A67}.Release|x86.ActiveCfg = Release|Any CPU
		{4E7F1751-7FEC-4CBA-AEEF-A5263B388A67}.Release|x86.Build.0 = Release|Any CPU
		{311668AE-586D-4A7A-BF2E-5314C049FD68}.Debug|Any CPU.ActiveCfg = Debug|Any CPU
		{311668AE-586D-4A7A-BF2E-5314C049FD68}.Debug|Any CPU.Build.0 = Debug|Any CPU
		{311668AE-586D-4A7A-BF2E-5314C049FD68}.Debug|x64.ActiveCfg = Debug|Any CPU
		{311668AE-586D-4A7A-BF2E-5314C049FD68}.Debug|x64.Build.0 = Debug|Any CPU
		{311668AE-586D-4A7A-BF2E-5314C049FD68}.Debug|x86.ActiveCfg = Debug|Any CPU
		{311668AE-586D-4A7A-BF2E-5314C049FD68}.Debug|x86.Build.0 = Debug|Any CPU
		{311668AE-586D-4A7A-BF2E-5314C049FD68}.Release|Any CPU.ActiveCfg = Release|Any CPU
		{311668AE-586D-4A7A-BF2E-5314C049FD68}.Release|Any CPU.Build.0 = Release|Any CPU
		{311668AE-586D-4A7A-BF2E-5314C049FD68}.Release|x64.ActiveCfg = Release|Any CPU
		{311668AE-586D-4A7A-BF2E-5314C049FD68}.Release|x64.Build.0 = Release|Any CPU
		{311668AE-586D-4A7A-BF2E-5314C049FD68}.Release|x86.ActiveCfg = Release|Any CPU
		{311668AE-586D-4A7A-BF2E-5314C049FD68}.Release|x86.Build.0 = Release|Any CPU
		{530C6F1F-054A-4925-960A-8250A0EA734D}.Debug|Any CPU.ActiveCfg = Debug|Any CPU
		{530C6F1F-054A-4925-960A-8250A0EA734D}.Debug|Any CPU.Build.0 = Debug|Any CPU
		{530C6F1F-054A-4925-960A-8250A0EA734D}.Debug|x64.ActiveCfg = Debug|Any CPU
		{530C6F1F-054A-4925-960A-8250A0EA734D}.Debug|x64.Build.0 = Debug|Any CPU
		{530C6F1F-054A-4925-960A-8250A0EA734D}.Debug|x86.ActiveCfg = Debug|Any CPU
		{530C6F1F-054A-4925-960A-8250A0EA734D}.Debug|x86.Build.0 = Debug|Any CPU
		{530C6F1F-054A-4925-960A-8250A0EA734D}.Release|Any CPU.ActiveCfg = Release|Any CPU
		{530C6F1F-054A-4925-960A-8250A0EA734D}.Release|Any CPU.Build.0 = Release|Any CPU
		{530C6F1F-054A-4925-960A-8250A0EA734D}.Release|x64.ActiveCfg = Release|Any CPU
		{530C6F1F-054A-4925-960A-8250A0EA734D}.Release|x64.Build.0 = Release|Any CPU
		{530C6F1F-054A-4925-960A-8250A0EA734D}.Release|x86.ActiveCfg = Release|Any CPU
		{530C6F1F-054A-4925-960A-8250A0EA734D}.Release|x86.Build.0 = Release|Any CPU
		{2E0F032B-4D2A-4084-8C9E-84A6713A40C6}.Debug|Any CPU.ActiveCfg = Debug|Any CPU
		{2E0F032B-4D2A-4084-8C9E-84A6713A40C6}.Debug|Any CPU.Build.0 = Debug|Any CPU
		{2E0F032B-4D2A-4084-8C9E-84A6713A40C6}.Debug|x64.ActiveCfg = Debug|Any CPU
		{2E0F032B-4D2A-4084-8C9E-84A6713A40C6}.Debug|x64.Build.0 = Debug|Any CPU
		{2E0F032B-4D2A-4084-8C9E-84A6713A40C6}.Debug|x86.ActiveCfg = Debug|Any CPU
		{2E0F032B-4D2A-4084-8C9E-84A6713A40C6}.Debug|x86.Build.0 = Debug|Any CPU
		{2E0F032B-4D2A-4084-8C9E-84A6713A40C6}.Release|Any CPU.ActiveCfg = Release|Any CPU
		{2E0F032B-4D2A-4084-8C9E-84A6713A40C6}.Release|Any CPU.Build.0 = Release|Any CPU
		{2E0F032B-4D2A-4084-8C9E-84A6713A40C6}.Release|x64.ActiveCfg = Release|Any CPU
		{2E0F032B-4D2A-4084-8C9E-84A6713A40C6}.Release|x64.Build.0 = Release|Any CPU
		{2E0F032B-4D2A-4084-8C9E-84A6713A40C6}.Release|x86.ActiveCfg = Release|Any CPU
		{2E0F032B-4D2A-4084-8C9E-84A6713A40C6}.Release|x86.Build.0 = Release|Any CPU
	EndGlobalSection
	GlobalSection(SolutionProperties) = preSolution
		HideSolutionNode = FALSE
	EndGlobalSection
	GlobalSection(NestedProjects) = preSolution
		{F77A468A-FECA-42BB-9E4E-9BFFE84A8B72} = {0C88DD14-F956-CE84-757C-A364CCF449FC}
		{53602BE3-B2F0-A0BF-E324-AE0B97635E1E} = {0C88DD14-F956-CE84-757C-A364CCF449FC}
		{42368218-99DF-4E90-B504-4B691F5585C2} = {0C88DD14-F956-CE84-757C-A364CCF449FC}
		{EE989DB1-EE03-4117-BA2B-DABCEF6D1815} = {0C88DD14-F956-CE84-757C-A364CCF449FC}
		{76CBD251-BE62-4124-B9D7-F94F4931D5FE} = {C8D5274F-AC00-46C7-1F8D-E88E81087A52}
		{13F5F51B-D7F3-411C-822F-0D4C40D2E0BC} = {0C88DD14-F956-CE84-757C-A364CCF449FC}
		{A881AB7E-3BF4-452E-8C84-9BBDCEE2F086} = {AC33B04C-26D8-727E-B9AD-BDA55923D6D1}
		{19492109-8C28-4050-A1BE-F0038F45C14F} = {AC33B04C-26D8-727E-B9AD-BDA55923D6D1}
		{9A2E4DF5-C5B0-4E4D-887F-E732F4C81DD4} = {AC33B04C-26D8-727E-B9AD-BDA55923D6D1}
		{0A58ABCA-A2C6-4AAB-8101-89214C7F723E} = {AC33B04C-26D8-727E-B9AD-BDA55923D6D1}
		{AE2191B6-7FEE-4BAF-A2D9-42CFCFE65D9B} = {AC33B04C-26D8-727E-B9AD-BDA55923D6D1}
		{8635D83C-3EAD-4EE1-B216-30672945D19D} = {AC33B04C-26D8-727E-B9AD-BDA55923D6D1}
		{BAD94E3B-70A9-474A-BA03-6EFC0C2BD9BB} = {AC33B04C-26D8-727E-B9AD-BDA55923D6D1}
		{11361684-5294-F9E0-3E6B-EB5A60682B75} = {AC33B04C-26D8-727E-B9AD-BDA55923D6D1}
		{3257BE12-0397-E7F8-99DA-DBC3985FB98D} = {AC33B04C-26D8-727E-B9AD-BDA55923D6D1}
		{D3C17E0D-3127-502A-97BA-C6490F7A1CF7} = {AC33B04C-26D8-727E-B9AD-BDA55923D6D1}
		{7CD7D947-F5FB-401E-2097-DE6E2E9ED79F} = {AC33B04C-26D8-727E-B9AD-BDA55923D6D1}
		{AA192529-1158-5035-A3E4-F2E2AEC2DA4F} = {AC33B04C-26D8-727E-B9AD-BDA55923D6D1}
		{25AC0C0C-FA97-929E-CBA4-6D5BD913ACF5} = {AA192529-1158-5035-A3E4-F2E2AEC2DA4F}
		{0C9D3922-CB1E-427D-B276-77447E9BD739} = {25AC0C0C-FA97-929E-CBA4-6D5BD913ACF5}
		{4E7F1751-7FEC-4CBA-AEEF-A5263B388A67} = {25AC0C0C-FA97-929E-CBA4-6D5BD913ACF5}
		{311668AE-586D-4A7A-BF2E-5314C049FD68} = {25AC0C0C-FA97-929E-CBA4-6D5BD913ACF5}
		{530C6F1F-054A-4925-960A-8250A0EA734D} = {25AC0C0C-FA97-929E-CBA4-6D5BD913ACF5}
		{2E0F032B-4D2A-4084-8C9E-84A6713A40C6} = {25AC0C0C-FA97-929E-CBA4-6D5BD913ACF5}
	EndGlobalSection
	GlobalSection(ExtensibilityGlobals) = postSolution
		SolutionGuid = {A7C704B8-6F0B-4D23-8505-EE1154495DF3}
	EndGlobalSection
EndGlobal
